// !$*UTF8*$!
{
	archiveVersion = 1;
	classes = {
	};
	objectVersion = 48;
	objects = {

/* Begin PBXBuildFile section */
		289B45B16A729180BE709780 /* libPods-SampleProject.a in Frameworks */ = {isa = PBXBuildFile; fileRef = 5F635E13284E4892F0CBBD9B /* libPods-SampleProject.a */; };
		C6CDA1311F855A6000938FF4 /* AppDelegate.m in Sources */ = {isa = PBXBuildFile; fileRef = C6CDA1301F855A6000938FF4 /* AppDelegate.m */; };
		C6CDA1341F855A6000938FF4 /* ViewController.m in Sources */ = {isa = PBXBuildFile; fileRef = C6CDA1331F855A6000938FF4 /* ViewController.m */; };
		C6CDA1371F855A6000938FF4 /* Main.storyboard in Resources */ = {isa = PBXBuildFile; fileRef = C6CDA1351F855A6000938FF4 /* Main.storyboard */; };
		C6CDA1391F855A6000938FF4 /* Assets.xcassets in Resources */ = {isa = PBXBuildFile; fileRef = C6CDA1381F855A6000938FF4 /* Assets.xcassets */; };
		C6CDA13C1F855A6000938FF4 /* LaunchScreen.storyboard in Resources */ = {isa = PBXBuildFile; fileRef = C6CDA13A1F855A6000938FF4 /* LaunchScreen.storyboard */; };
		C6CDA13F1F855A6000938FF4 /* main.m in Sources */ = {isa = PBXBuildFile; fileRef = C6CDA13E1F855A6000938FF4 /* main.m */; };
		C6CDA1461F855EF700938FF4 /* GoogleService-Info.plist in Resources */ = {isa = PBXBuildFile; fileRef = C6CDA1451F855EF700938FF4 /* GoogleService-Info.plist */; };
		C6CDA1491F856EA200938FF4 /* SearchVideoVC.m in Sources */ = {isa = PBXBuildFile; fileRef = C6CDA1481F856EA200938FF4 /* SearchVideoVC.m */; };
		C6CDA14D1F8574DC00938FF4 /* SearchVideoCell.m in Sources */ = {isa = PBXBuildFile; fileRef = C6CDA14B1F8574DC00938FF4 /* SearchVideoCell.m */; };
		C6CDA14E1F8574DC00938FF4 /* SearchVideoCell.xib in Resources */ = {isa = PBXBuildFile; fileRef = C6CDA14C1F8574DC00938FF4 /* SearchVideoCell.xib */; };
/* End PBXBuildFile section */

/* Begin PBXFileReference section */
		5F635E13284E4892F0CBBD9B /* libPods-SampleProject.a */ = {isa = PBXFileReference; explicitFileType = archive.ar; includeInIndex = 0; path = "libPods-SampleProject.a"; sourceTree = BUILT_PRODUCTS_DIR; };
		698EB0F98660A381F2D9ADF9 /* Pods-SampleProject.debug.xcconfig */ = {isa = PBXFileReference; includeInIndex = 1; lastKnownFileType = text.xcconfig; name = "Pods-SampleProject.debug.xcconfig"; path = "Pods/Target Support Files/Pods-SampleProject/Pods-SampleProject.debug.xcconfig"; sourceTree = "<group>"; };
		C6CDA12C1F855A6000938FF4 /* SampleProject.app */ = {isa = PBXFileReference; explicitFileType = wrapper.application; includeInIndex = 0; path = SampleProject.app; sourceTree = BUILT_PRODUCTS_DIR; };
		C6CDA12F1F855A6000938FF4 /* AppDelegate.h */ = {isa = PBXFileReference; lastKnownFileType = sourcecode.c.h; path = AppDelegate.h; sourceTree = "<group>"; };
		C6CDA1301F855A6000938FF4 /* AppDelegate.m */ = {isa = PBXFileReference; lastKnownFileType = sourcecode.c.objc; path = AppDelegate.m; sourceTree = "<group>"; };
		C6CDA1321F855A6000938FF4 /* ViewController.h */ = {isa = PBXFileReference; lastKnownFileType = sourcecode.c.h; path = ViewController.h; sourceTree = "<group>"; };
		C6CDA1331F855A6000938FF4 /* ViewController.m */ = {isa = PBXFileReference; lastKnownFileType = sourcecode.c.objc; path = ViewController.m; sourceTree = "<group>"; };
		C6CDA1361F855A6000938FF4 /* Base */ = {isa = PBXFileReference; lastKnownFileType = file.storyboard; name = Base; path = Base.lproj/Main.storyboard; sourceTree = "<group>"; };
		C6CDA1381F855A6000938FF4 /* Assets.xcassets */ = {isa = PBXFileReference; lastKnownFileType = folder.assetcatalog; path = Assets.xcassets; sourceTree = "<group>"; };
		C6CDA13B1F855A6000938FF4 /* Base */ = {isa = PBXFileReference; lastKnownFileType = file.storyboard; name = Base; path = Base.lproj/LaunchScreen.storyboard; sourceTree = "<group>"; };
		C6CDA13D1F855A6000938FF4 /* Info.plist */ = {isa = PBXFileReference; lastKnownFileType = text.plist.xml; path = Info.plist; sourceTree = "<group>"; };
		C6CDA13E1F855A6000938FF4 /* main.m */ = {isa = PBXFileReference; lastKnownFileType = sourcecode.c.objc; path = main.m; sourceTree = "<group>"; };
		C6CDA1451F855EF700938FF4 /* GoogleService-Info.plist */ = {isa = PBXFileReference; fileEncoding = 4; lastKnownFileType = text.plist.xml; path = "GoogleService-Info.plist"; sourceTree = "<group>"; };
		C6CDA1471F856EA200938FF4 /* SearchVideoVC.h */ = {isa = PBXFileReference; lastKnownFileType = sourcecode.c.h; path = SearchVideoVC.h; sourceTree = "<group>"; };
		C6CDA1481F856EA200938FF4 /* SearchVideoVC.m */ = {isa = PBXFileReference; lastKnownFileType = sourcecode.c.objc; path = SearchVideoVC.m; sourceTree = "<group>"; };
		C6CDA14A1F8574DC00938FF4 /* SearchVideoCell.h */ = {isa = PBXFileReference; lastKnownFileType = sourcecode.c.h; path = SearchVideoCell.h; sourceTree = "<group>"; };
		C6CDA14B1F8574DC00938FF4 /* SearchVideoCell.m */ = {isa = PBXFileReference; lastKnownFileType = sourcecode.c.objc; path = SearchVideoCell.m; sourceTree = "<group>"; };
		C6CDA14C1F8574DC00938FF4 /* SearchVideoCell.xib */ = {isa = PBXFileReference; lastKnownFileType = file.xib; path = SearchVideoCell.xib; sourceTree = "<group>"; };
		D4AEED1929E147D35EFB37AF /* Pods-SampleProject.release.xcconfig */ = {isa = PBXFileReference; includeInIndex = 1; lastKnownFileType = text.xcconfig; name = "Pods-SampleProject.release.xcconfig"; path = "Pods/Target Support Files/Pods-SampleProject/Pods-SampleProject.release.xcconfig"; sourceTree = "<group>"; };
/* End PBXFileReference section */

/* Begin PBXFrameworksBuildPhase section */
		C6CDA1291F855A6000938FF4 /* Frameworks */ = {
			isa = PBXFrameworksBuildPhase;
			buildActionMask = 2147483647;
			files = (
				289B45B16A729180BE709780 /* libPods-SampleProject.a in Frameworks */,
			);
			runOnlyForDeploymentPostprocessing = 0;
		};
/* End PBXFrameworksBuildPhase section */

/* Begin PBXGroup section */
		A81D2D5AD6E1E6CE6A67E862 /* Pods */ = {
			isa = PBXGroup;
			children = (
				698EB0F98660A381F2D9ADF9 /* Pods-SampleProject.debug.xcconfig */,
				D4AEED1929E147D35EFB37AF /* Pods-SampleProject.release.xcconfig */,
			);
			name = Pods;
			sourceTree = "<group>";
		};
		C6CDA1231F855A6000938FF4 = {
			isa = PBXGroup;
			children = (
				C6CDA12E1F855A6000938FF4 /* SampleProject */,
				C6CDA12D1F855A6000938FF4 /* Products */,
				A81D2D5AD6E1E6CE6A67E862 /* Pods */,
				FE7CC409C1F2EA247EDDC17D /* Frameworks */,
			);
			sourceTree = "<group>";
		};
		C6CDA12D1F855A6000938FF4 /* Products */ = {
			isa = PBXGroup;
			children = (
				C6CDA12C1F855A6000938FF4 /* SampleProject.app */,
			);
			name = Products;
			sourceTree = "<group>";
		};
		C6CDA12E1F855A6000938FF4 /* SampleProject */ = {
			isa = PBXGroup;
			children = (
				C6CDA1451F855EF700938FF4 /* GoogleService-Info.plist */,
				C6CDA1471F856EA200938FF4 /* SearchVideoVC.h */,
				C6CDA1481F856EA200938FF4 /* SearchVideoVC.m */,
				C6CDA12F1F855A6000938FF4 /* AppDelegate.h */,
				C6CDA1301F855A6000938FF4 /* AppDelegate.m */,
				C6CDA1321F855A6000938FF4 /* ViewController.h */,
				C6CDA1331F855A6000938FF4 /* ViewController.m */,
				C6CDA1351F855A6000938FF4 /* Main.storyboard */,
				C6CDA1381F855A6000938FF4 /* Assets.xcassets */,
				C6CDA13A1F855A6000938FF4 /* LaunchScreen.storyboard */,
				C6CDA13D1F855A6000938FF4 /* Info.plist */,
				C6CDA13E1F855A6000938FF4 /* main.m */,
				C6CDA14A1F8574DC00938FF4 /* SearchVideoCell.h */,
				C6CDA14B1F8574DC00938FF4 /* SearchVideoCell.m */,
				C6CDA14C1F8574DC00938FF4 /* SearchVideoCell.xib */,
			);
			path = SampleProject;
			sourceTree = "<group>";
		};
		FE7CC409C1F2EA247EDDC17D /* Frameworks */ = {
			isa = PBXGroup;
			children = (
				5F635E13284E4892F0CBBD9B /* libPods-SampleProject.a */,
			);
			name = Frameworks;
			sourceTree = "<group>";
		};
/* End PBXGroup section */

/* Begin PBXNativeTarget section */
		C6CDA12B1F855A6000938FF4 /* SampleProject */ = {
			isa = PBXNativeTarget;
			buildConfigurationList = C6CDA1421F855A6000938FF4 /* Build configuration list for PBXNativeTarget "SampleProject" */;
			buildPhases = (
				38985F9573D4DA4D90187B39 /* [CP] Check Pods Manifest.lock */,
				C6CDA1281F855A6000938FF4 /* Sources */,
				C6CDA1291F855A6000938FF4 /* Frameworks */,
				C6CDA12A1F855A6000938FF4 /* Resources */,
				8A4120579FCBD27D3CBB7222 /* [CP] Embed Pods Frameworks */,
				74BB86B971AA690460562063 /* [CP] Copy Pods Resources */,
			);
			buildRules = (
			);
			dependencies = (
			);
			name = SampleProject;
			productName = SampleProject;
			productReference = C6CDA12C1F855A6000938FF4 /* SampleProject.app */;
			productType = "com.apple.product-type.application";
		};
/* End PBXNativeTarget section */

/* Begin PBXProject section */
		C6CDA1241F855A6000938FF4 /* Project object */ = {
			isa = PBXProject;
			attributes = {
				LastUpgradeCheck = 0900;
				ORGANIZATIONNAME = URMANI;
				TargetAttributes = {
					C6CDA12B1F855A6000938FF4 = {
						CreatedOnToolsVersion = 9.0;
						ProvisioningStyle = Manual;
					};
				};
			};
			buildConfigurationList = C6CDA1271F855A6000938FF4 /* Build configuration list for PBXProject "SampleProject" */;
			compatibilityVersion = "Xcode 8.0";
			developmentRegion = en;
			hasScannedForEncodings = 0;
			knownRegions = (
				en,
				Base,
			);
			mainGroup = C6CDA1231F855A6000938FF4;
			productRefGroup = C6CDA12D1F855A6000938FF4 /* Products */;
			projectDirPath = "";
			projectRoot = "";
			targets = (
				C6CDA12B1F855A6000938FF4 /* SampleProject */,
			);
		};
/* End PBXProject section */

/* Begin PBXResourcesBuildPhase section */
		C6CDA12A1F855A6000938FF4 /* Resources */ = {
			isa = PBXResourcesBuildPhase;
			buildActionMask = 2147483647;
			files = (
				C6CDA13C1F855A6000938FF4 /* LaunchScreen.storyboard in Resources */,
				C6CDA14E1F8574DC00938FF4 /* SearchVideoCell.xib in Resources */,
				C6CDA1461F855EF700938FF4 /* GoogleService-Info.plist in Resources */,
				C6CDA1391F855A6000938FF4 /* Assets.xcassets in Resources */,
				C6CDA1371F855A6000938FF4 /* Main.storyboard in Resources */,
			);
			runOnlyForDeploymentPostprocessing = 0;
		};
/* End PBXResourcesBuildPhase section */

/* Begin PBXShellScriptBuildPhase section */
		38985F9573D4DA4D90187B39 /* [CP] Check Pods Manifest.lock */ = {
			isa = PBXShellScriptBuildPhase;
			buildActionMask = 2147483647;
			files = (
			);
			inputPaths = (
				"${PODS_PODFILE_DIR_PATH}/Podfile.lock",
				"${PODS_ROOT}/Manifest.lock",
			);
			name = "[CP] Check Pods Manifest.lock";
			outputPaths = (
				"$(DERIVED_FILE_DIR)/Pods-SampleProject-checkManifestLockResult.txt",
			);
			runOnlyForDeploymentPostprocessing = 0;
			shellPath = /bin/sh;
			shellScript = "diff \"${PODS_PODFILE_DIR_PATH}/Podfile.lock\" \"${PODS_ROOT}/Manifest.lock\" > /dev/null\nif [ $? != 0 ] ; then\n    # print error to STDERR\n    echo \"error: The sandbox is not in sync with the Podfile.lock. Run 'pod install' or update your CocoaPods installation.\" >&2\n    exit 1\nfi\n# This output is used by Xcode 'outputs' to avoid re-running this script phase.\necho \"SUCCESS\" > \"${SCRIPT_OUTPUT_FILE_0}\"\n";
			showEnvVarsInLog = 0;
		};
		74BB86B971AA690460562063 /* [CP] Copy Pods Resources */ = {
			isa = PBXShellScriptBuildPhase;
			buildActionMask = 2147483647;
			files = (
			);
			inputPaths = (
				"${SRCROOT}/Pods/Target Support Files/Pods-SampleProject/Pods-SampleProject-resources.sh",
				"${PODS_ROOT}/GTMOAuth2/Source/Touch/GTMOAuth2ViewTouch.xib",
				"${PODS_ROOT}/GoogleSignIn/Resources/GoogleSignIn.bundle",
			);
			name = "[CP] Copy Pods Resources";
			outputPaths = (
				"${TARGET_BUILD_DIR}/${UNLOCALIZED_RESOURCES_FOLDER_PATH}",
			);
			runOnlyForDeploymentPostprocessing = 0;
			shellPath = /bin/sh;
			shellScript = "\"${SRCROOT}/Pods/Target Support Files/Pods-SampleProject/Pods-SampleProject-resources.sh\"\n";
			showEnvVarsInLog = 0;
		};
		8A4120579FCBD27D3CBB7222 /* [CP] Embed Pods Frameworks */ = {
			isa = PBXShellScriptBuildPhase;
			buildActionMask = 2147483647;
			files = (
			);
			inputPaths = (
			);
			name = "[CP] Embed Pods Frameworks";
			outputPaths = (
			);
			runOnlyForDeploymentPostprocessing = 0;
			shellPath = /bin/sh;
			shellScript = "\"${SRCROOT}/Pods/Target Support Files/Pods-SampleProject/Pods-SampleProject-frameworks.sh\"\n";
			showEnvVarsInLog = 0;
		};
/* End PBXShellScriptBuildPhase section */

/* Begin PBXSourcesBuildPhase section */
		C6CDA1281F855A6000938FF4 /* Sources */ = {
			isa = PBXSourcesBuildPhase;
			buildActionMask = 2147483647;
			files = (
				C6CDA14D1F8574DC00938FF4 /* SearchVideoCell.m in Sources */,
				C6CDA1491F856EA200938FF4 /* SearchVideoVC.m in Sources */,
				C6CDA1341F855A6000938FF4 /* ViewController.m in Sources */,
				C6CDA13F1F855A6000938FF4 /* main.m in Sources */,
				C6CDA1311F855A6000938FF4 /* AppDelegate.m in Sources */,
			);
			runOnlyForDeploymentPostprocessing = 0;
		};
/* End PBXSourcesBuildPhase section */

/* Begin PBXVariantGroup section */
		C6CDA1351F855A6000938FF4 /* Main.storyboard */ = {
			isa = PBXVariantGroup;
			children = (
				C6CDA1361F855A6000938FF4 /* Base */,
			);
			name = Main.storyboard;
			sourceTree = "<group>";
		};
		C6CDA13A1F855A6000938FF4 /* LaunchScreen.storyboard */ = {
			isa = PBXVariantGroup;
			children = (
				C6CDA13B1F855A6000938FF4 /* Base */,
			);
			name = LaunchScreen.storyboard;
			sourceTree = "<group>";
		};
/* End PBXVariantGroup section */

/* Begin XCBuildConfiguration section */
		C6CDA1401F855A6000938FF4 /* Debug */ = {
			isa = XCBuildConfiguration;
			buildSettings = {
				ALWAYS_SEARCH_USER_PATHS = NO;
				CLANG_ANALYZER_NONNULL = YES;
				CLANG_ANALYZER_NUMBER_OBJECT_CONVERSION = YES_AGGRESSIVE;
				CLANG_CXX_LANGUAGE_STANDARD = "gnu++14";
				CLANG_CXX_LIBRARY = "libc++";
				CLANG_ENABLE_MODULES = YES;
				CLANG_ENABLE_OBJC_ARC = YES;
				CLANG_WARN_BLOCK_CAPTURE_AUTORELEASING = YES;
				CLANG_WARN_BOOL_CONVERSION = YES;
				CLANG_WARN_COMMA = YES;
				CLANG_WARN_CONSTANT_CONVERSION = YES;
				CLANG_WARN_DIRECT_OBJC_ISA_USAGE = YES_ERROR;
				CLANG_WARN_DOCUMENTATION_COMMENTS = YES;
				CLANG_WARN_EMPTY_BODY = YES;
				CLANG_WARN_ENUM_CONVERSION = YES;
				CLANG_WARN_INFINITE_RECURSION = YES;
				CLANG_WARN_INT_CONVERSION = YES;
				CLANG_WARN_NON_LITERAL_NULL_CONVERSION = YES;
				CLANG_WARN_OBJC_LITERAL_CONVERSION = YES;
				CLANG_WARN_OBJC_ROOT_CLASS = YES_ERROR;
				CLANG_WARN_RANGE_LOOP_ANALYSIS = YES;
				CLANG_WARN_STRICT_PROTOTYPES = YES;
				CLANG_WARN_SUSPICIOUS_MOVE = YES;
				CLANG_WARN_UNGUARDED_AVAILABILITY = YES_AGGRESSIVE;
				CLANG_WARN_UNREACHABLE_CODE = YES;
				CLANG_WARN__DUPLICATE_METHOD_MATCH = YES;
				CODE_SIGN_IDENTITY = "iPhone Developer";
				COPY_PHASE_STRIP = NO;
				DEBUG_INFORMATION_FORMAT = dwarf;
				ENABLE_STRICT_OBJC_MSGSEND = YES;
				ENABLE_TESTABILITY = YES;
				GCC_C_LANGUAGE_STANDARD = gnu11;
				GCC_DYNAMIC_NO_PIC = NO;
				GCC_NO_COMMON_BLOCKS = YES;
				GCC_OPTIMIZATION_LEVEL = 0;
				GCC_PREPROCESSOR_DEFINITIONS = (
					"DEBUG=1",
					"$(inherited)",
				);
				GCC_WARN_64_TO_32_BIT_CONVERSION = YES;
				GCC_WARN_ABOUT_RETURN_TYPE = YES_ERROR;
				GCC_WARN_UNDECLARED_SELECTOR = YES;
				GCC_WARN_UNINITIALIZED_AUTOS = YES_AGGRESSIVE;
				GCC_WARN_UNUSED_FUNCTION = YES;
				GCC_WARN_UNUSED_VARIABLE = YES;
				IPHONEOS_DEPLOYMENT_TARGET = 11.0;
				MTL_ENABLE_DEBUG_INFO = YES;
				ONLY_ACTIVE_ARCH = YES;
				SDKROOT = iphoneos;
			};
			name = Debug;
		};
		C6CDA1411F855A6000938FF4 /* Release */ = {
			isa = XCBuildConfiguration;
			buildSettings = {
				ALWAYS_SEARCH_USER_PATHS = NO;
				CLANG_ANALYZER_NONNULL = YES;
				CLANG_ANALYZER_NUMBER_OBJECT_CONVERSION = YES_AGGRESSIVE;
				CLANG_CXX_LANGUAGE_STANDARD = "gnu++14";
				CLANG_CXX_LIBRARY = "libc++";
				CLANG_ENABLE_MODULES = YES;
				CLANG_ENABLE_OBJC_ARC = YES;
				CLANG_WARN_BLOCK_CAPTURE_AUTORELEASING = YES;
				CLANG_WARN_BOOL_CONVERSION = YES;
				CLANG_WARN_COMMA = YES;
				CLANG_WARN_CONSTANT_CONVERSION = YES;
				CLANG_WARN_DIRECT_OBJC_ISA_USAGE = YES_ERROR;
				CLANG_WARN_DOCUMENTATION_COMMENTS = YES;
				CLANG_WARN_EMPTY_BODY = YES;
				CLANG_WARN_ENUM_CONVERSION = YES;
				CLANG_WARN_INFINITE_RECURSION = YES;
				CLANG_WARN_INT_CONVERSION = YES;
				CLANG_WARN_NON_LITERAL_NULL_CONVERSION = YES;
				CLANG_WARN_OBJC_LITERAL_CONVERSION = YES;
				CLANG_WARN_OBJC_ROOT_CLASS = YES_ERROR;
				CLANG_WARN_RANGE_LOOP_ANALYSIS = YES;
				CLANG_WARN_STRICT_PROTOTYPES = YES;
				CLANG_WARN_SUSPICIOUS_MOVE = YES;
				CLANG_WARN_UNGUARDED_AVAILABILITY = YES_AGGRESSIVE;
				CLANG_WARN_UNREACHABLE_CODE = YES;
				CLANG_WARN__DUPLICATE_METHOD_MATCH = YES;
				CODE_SIGN_IDENTITY = "iPhone Developer";
				COPY_PHASE_STRIP = NO;
				DEBUG_INFORMATION_FORMAT = "dwarf-with-dsym";
				ENABLE_NS_ASSERTIONS = NO;
				ENABLE_STRICT_OBJC_MSGSEND = YES;
				GCC_C_LANGUAGE_STANDARD = gnu11;
				GCC_NO_COMMON_BLOCKS = YES;
				GCC_WARN_64_TO_32_BIT_CONVERSION = YES;
				GCC_WARN_ABOUT_RETURN_TYPE = YES_ERROR;
				GCC_WARN_UNDECLARED_SELECTOR = YES;
				GCC_WARN_UNINITIALIZED_AUTOS = YES_AGGRESSIVE;
				GCC_WARN_UNUSED_FUNCTION = YES;
				GCC_WARN_UNUSED_VARIABLE = YES;
				IPHONEOS_DEPLOYMENT_TARGET = 11.0;
				MTL_ENABLE_DEBUG_INFO = NO;
				SDKROOT = iphoneos;
				VALIDATE_PRODUCT = YES;
			};
			name = Release;
		};
		C6CDA1431F855A6000938FF4 /* Debug */ = {
			isa = XCBuildConfiguration;
			baseConfigurationReference = 698EB0F98660A381F2D9ADF9 /* Pods-SampleProject.debug.xcconfig */;
			buildSettings = {
				ASSETCATALOG_COMPILER_APPICON_NAME = AppIcon;
				CODE_SIGN_STYLE = Manual;
				DEVELOPMENT_TEAM = "";
				INFOPLIST_FILE = SampleProject/Info.plist;
				LD_RUNPATH_SEARCH_PATHS = "$(inherited) @executable_path/Frameworks";
				PRODUCT_BUNDLE_IDENTIFIER = com.domainname.SampleProject;
				PRODUCT_NAME = "$(TARGET_NAME)";
				PROVISIONING_PROFILE_SPECIFIER = "";
				TARGETED_DEVICE_FAMILY = "1,2";
			};
			name = Debug;
		};
		C6CDA1441F855A6000938FF4 /* Release */ = {
			isa = XCBuildConfiguration;
			baseConfigurationReference = D4AEED1929E147D35EFB37AF /* Pods-SampleProject.release.xcconfig */;
			buildSettings = {
				ASSETCATALOG_COMPILER_APPICON_NAME = AppIcon;
				CODE_SIGN_STYLE = Manual;
				DEVELOPMENT_TEAM = "";
				INFOPLIST_FILE = SampleProject/Info.plist;
				LD_RUNPATH_SEARCH_PATHS = "$(inherited) @executable_path/Frameworks";
				PRODUCT_BUNDLE_IDENTIFIER = com.domainname.SampleProject;
				PRODUCT_NAME = "$(TARGET_NAME)";
				PROVISIONING_PROFILE_SPECIFIER = "";
				TARGETED_DEVICE_FAMILY = "1,2";
			};
			name = Release;
		};
/* End XCBuildConfiguration section */

/* Begin XCConfigurationList section */
		C6CDA1271F855A6000938FF4 /* Build configuration list for PBXProject "SampleProject" */ = {
			isa = XCConfigurationList;
			buildConfigurations = (
				C6CDA1401F855A6000938FF4 /* Debug */,
				C6CDA1411F855A6000938FF4 /* Release */,
			);
			defaultConfigurationIsVisible = 0;
			defaultConfigurationName = Release;
		};
		C6CDA1421F855A6000938FF4 /* Build configuration list for PBXNativeTarget "SampleProject" */ = {
			isa = XCConfigurationList;
			buildConfigurations = (
				C6CDA1431F855A6000938FF4 /* Debug */,
				C6CDA1441F855A6000938FF4 /* Release */,
			);
			defaultConfigurationIsVisible = 0;
			defaultConfigurationName = Release;
		};
/* End XCConfigurationList section */
	};
	rootObject = C6CDA1241F855A6000938FF4 /* Project object */;
}
